github.com/panr/hugo-theme-terminal/v3 v3.1.2 h1:DZXzAabj8zG/9k6kSE9uQLtJUoPGA5KiSeiBbni3oHM=
github.com/panr/hugo-theme-terminal/v3 v3.1.2/go.mod h1:Cs+1ub6qhz/G43ohdRSR1U2qNqGLO9h0qgTG4Jq9Wo4=
github.com/panr/hugo-theme-terminal/v4 v4.0.0-20240821130628-0b11e0573568 h1:DrCGy9Ti5EXM7SRCT9AIHReFonA3+d1Fhn9AVKgJdBg=
github.com/panr/hugo-theme-terminal/v4 v4.0.0-20240821130628-0b11e0573568/go.mod h1:W0sFodm5ipL5gjRqOFjg4zD+euoQ8hCtyDDtqSpihxM=
